Microsoft Visual Studio Solution File, Format Version 12.00
# Visual Studio Version 17
VisualStudioVersion = 17.5.2.0
MinimumVisualStudioVersion = 10.0.40219.1
Project("{FAE04EC0-301F-11D3-BF4B-00C04F79EFBC}") = "CommandService", "CommandService\CommandService.csproj", "{9C7FAC31-6E8E-F36C-BF85-B09BC34743C1}"
EndProject
Project("{FAE04EC0-301F-11D3-BF4B-00C04F79EFBC}") = "PlatformService", "PlatformService\PlatformService.csproj", "{1309E698-2553-3363-38F6-D37464C7505B}"
EndProject
Project("{FAE04EC0-301F-11D3-BF4B-00C04F79EFBC}") = "AuthService", "AuthService\AuthService.csproj", "{9B2F41F2-DC6D-470E-A154-4A3F14B4ECC7}"
EndProject
Project("{FAE04EC0-301F-11D3-BF4B-00C04F79EFBC}") = "ApiGateway", "ApiGateway\ApiGateway.csproj", "{C9FBDD48-25A8-49B6-8B73-C5BD11145909}"
EndProject
Global
	GlobalSection(SolutionConfigurationPlatforms) = preSolution
		Debug|Any CPU = Debug|Any CPU
		Release|Any CPU = Release|Any CPU
	EndGlobalSection
	GlobalSection(ProjectConfigurationPlatforms) = postSolution
		{9C7FAC31-6E8E-F36C-BF85-B09BC34743C1}.Debug|Any CPU.ActiveCfg = Debug|Any CPU
		{9C7FAC31-6E8E-F36C-BF85-B09BC34743C1}.Debug|Any CPU.Build.0 = Debug|Any CPU
		{9C7FAC31-6E8E-F36C-BF85-B09BC34743C1}.Release|Any CPU.ActiveCfg = Release|Any CPU
		{9C7FAC31-6E8E-F36C-BF85-B09BC34743C1}.Release|Any CPU.Build.0 = Release|Any CPU
		{1309E698-2553-3363-38F6-D37464C7505B}.Debug|Any CPU.ActiveCfg = Debug|Any CPU
		{1309E698-2553-3363-38F6-D37464C7505B}.Debug|Any CPU.Build.0 = Debug|Any CPU
		{1309E698-2553-3363-38F6-D37464C7505B}.Release|Any CPU.ActiveCfg = Release|Any CPU
		{1309E698-2553-3363-38F6-D37464C7505B}.Release|Any CPU.Build.0 = Release|Any CPU
		{9B2F41F2-DC6D-470E-A154-4A3F14B4ECC7}.Debug|Any CPU.ActiveCfg = Debug|Any CPU
		{9B2F41F2-DC6D-470E-A154-4A3F14B4ECC7}.Debug|Any CPU.Build.0 = Debug|Any CPU
		{9B2F41F2-DC6D-470E-A154-4A3F14B4ECC7}.Release|Any CPU.ActiveCfg = Release|Any CPU
		{9B2F41F2-DC6D-470E-A154-4A3F14B4ECC7}.Release|Any CPU.Build.0 = Release|Any CPU
		{C9FBDD48-25A8-49B6-8B73-C5BD11145909}.Debug|Any CPU.ActiveCfg = Debug|Any CPU
		{C9FBDD48-25A8-49B6-8B73-C5BD11145909}.Debug|Any CPU.Build.0 = Debug|Any CPU
		{C9FBDD48-25A8-49B6-8B73-C5BD11145909}.Release|Any CPU.ActiveCfg = Release|Any CPU
		{C9FBDD48-25A8-49B6-8B73-C5BD11145909}.Release|Any CPU.Build.0 = Release|Any CPU
	EndGlobalSection
	GlobalSection(SolutionProperties) = preSolution
		HideSolutionNode = FALSE
	EndGlobalSection
	GlobalSection(ExtensibilityGlobals) = postSolution
		SolutionGuid = {20F09EF0-D5BC-48F4-9337-79ED5AC6D3BE}
	EndGlobalSection
EndGlobal
